
Microsoft Visual Studio Solution File, Format Version 12.00
# Visual Studio Version 17
VisualStudioVersion = 17.14.36301.6 d17.14
MinimumVisualStudioVersion = 10.0.40219.1
Project("{FAE04EC0-301F-11D3-BF4B-00C04F79EFBC}") = "CodeFirstBasic_Week12", "CodeFirstBasic_Week12\CodeFirstBasic_Week12.csproj", "{27A083CB-51A1-4997-8243-FF0F874A2AA4}"
EndProject
Global
	GlobalSection(SolutionConfigurationPlatforms) = preSolution
		Debug|Any CPU = Debug|Any CPU
		Release|Any CPU = Release|Any CPU
	EndGlobalSection
	GlobalSection(ProjectConfigurationPlatforms) = postSolution
		{27A083CB-51A1-4997-8243-FF0F874A2AA4}.Debug|Any CPU.ActiveCfg = Debug|Any CPU
		{27A083CB-51A1-4997-8243-FF0F874A2AA4}.Debug|Any CPU.Build.0 = Debug|Any CPU
		{27A083CB-51A1-4997-8243-FF0F874A2AA4}.Release|Any CPU.ActiveCfg = Release|Any CPU
		{27A083CB-51A1-4997-8243-FF0F874A2AA4}.Release|Any CPU.Build.0 = Release|Any CPU
	EndGlobalSection
	GlobalSection(SolutionProperties) = preSolution
		HideSolutionNode = FALSE
	EndGlobalSection
	GlobalSection(ExtensibilityGlobals) = postSolution
		SolutionGuid = {59122DF5-E0FB-4AA0-BE47-8B242D805BEA}
	EndGlobalSection
EndGlobal
